github.com/alexflint/go-arg v1.4.2 h1:lDWZAXxpAnZUq4qwb86p/3rIJJ2Li81EoMbTMujhVa0=
github.com/alexflint/go-arg v1.4.2/go.mod h1:9iRbDxne7LcR/GSvEr7ma++GLpdIU1zrghf2y2768kM=
github.com/alexflint/go-scalar v1.0.0 h1:NGupf1XV/Xb04wXskDFzS0KWOLH632W/EO4fAFi+A70=
github.com/alexflint/go-scalar v1.0.0/go.mod h1:GpHzbCOZXEKMEcygYQ5n/aa4Aq84zbxjy3MxYW0gjYw=
github.com/cirocosta/rawdns v0.0.0-20191213194345-8bbd9250550b h1:t9Ugj/XPu63PlGlgAwRUDIdZPAi5wuUVzpdyC7L7AvQ=
github.com/cirocosta/rawdns v0.0.0-20191213194345-8bbd9250550b/go.mod h1:yzuqdbmJfZv9aykO/0dlUdeB2pYh1aVVT+vrrQPZEvM=
github.com/davecgh/go-spew v1.1.1/go.mod h1:J7Y8YcW2NihsgmVo/mv3lAwl/skON4iLHjSsI+c5H38=
github.com/iovisor/gobpf v0.2.0 h1:34xkQxft+35GagXBk3n23eqhm0v7q0ejeVirb8sqEOQ=
github.com/iovisor/gobpf v0.2.0/go.mod h1:WSY9Jj5RhdgC3ci1QaacvbFdQ8cbrEjrpiZbLHLt2s4=
github.com/miekg/dns v1.1.43 h1:JKfpVSCB84vrAmHzyrsxB5NAr5kLoMXZArPSw7Qlgyg=
github.com/miekg/dns v1.1.43/go.mod h1:+evo5L0630/F6ca/Z9+GAqzhjGyn8/c+TBaOyfEl0V4=
github.com/pkg/errors v0.9.1 h1:FEBLx1zS214owpjy7qsBeixbURkuhQAwrK5UwLGTwt4=
github.com/pkg/errors v0.9.1/go.mod h1:bwawxfHBFNV+L2hUp1rHADufV3IMtnDRdf1r5NINEl0=
github.com/pmezard/go-difflib v1.0.0/go.mod h1:iKH77koFhYxTK1pcRnkKkqfTogsbg7gZNVY4sRDYZ/4=
github.com/stretchr/testify v1.2.2/go.mod h1:a8OnRcib4nhh0OaRAV+Yts87kKdq0PP7pXfy6kDkUVs=
golang.org/x/net v0.0.0-20210226172049-e18ecbb05110 h1:qWPm9rbaAMKs8Bq/9LRpbMqxWRVUAQwMI9fVrssnTfw=
golang.org/x/net v0.0.0-20210226172049-e18ecbb05110/go.mod h1:m0MpNAwzfU5UDzcl9v0D8zg8gWTRqZa9RBIspLL5mdg=
golang.org/x/sync v0.0.0-20210220032951-036812b2e83c/go.mod h1:RxMgew5VJxzue5/jJTE5uejpjVlOe/izrB70Jof72aM=
golang.org/x/sys v0.0.0-20201119102817-f84b799fce68/go.mod h1:h1NjWce9XRLGQEsW7wpKNCjG9DtNlClVuFLEZdDNbEs=
golang.org/x/sys v0.0.0-20210303074136-134d130e1a04 h1:cEhElsAv9LUt9ZUUocxzWe05oFLVd+AA2nstydTeI8g=
golang.org/x/sys v0.0.0-20210303074136-134d130e1a04/go.mod h1:h1NjWce9XRLGQEsW7wpKNCjG9DtNlClVuFLEZdDNbEs=
golang.org/x/term v0.0.0-20201126162022-7de9c90e9dd1/go.mod h1:bj7SfCRtBDWHUb9snDiAeCFNEtKQo2Wmx5Cou7ajbmo=
golang.org/x/text v0.3.3/go.mod h1:5Zoc/QRtKVWzQhOtBMvqHzDpF6irO9z98xDceosuGiQ=
golang.org/x/tools v0.0.0-20180917221912-90fa682c2a6e/go.mod h1:n7NCudcB/nEzxVGmLbDWY5pfWTLqBcC2KZ6jyYvM4mQ=
